// !$*UTF8*$!
{
	archiveVersion = 1;
	classes = {
	};
	objectVersion = 56;
	objects = {

/* Begin PBXBuildFile section */
		2A49897C2949906400EC12F8 /* E_bookApp.swift in Sources */ = {isa = PBXBuildFile; fileRef = 2A49897B2949906400EC12F8 /* E_bookApp.swift */; };
		2A49897E2949906400EC12F8 /* ContentView.swift in Sources */ = {isa = PBXBuildFile; fileRef = 2A49897D2949906400EC12F8 /* ContentView.swift */; };
		2A4989802949906600EC12F8 /* Assets.xcassets in Resources */ = {isa = PBXBuildFile; fileRef = 2A49897F2949906600EC12F8 /* Assets.xcassets */; };
		2A4989832949906600EC12F8 /* Preview Assets.xcassets in Resources */ = {isa = PBXBuildFile; fileRef = 2A4989822949906600EC12F8 /* Preview Assets.xcassets */; };
		2A49898D2949906600EC12F8 /* E_bookTests.swift in Sources */ = {isa = PBXBuildFile; fileRef = 2A49898C2949906600EC12F8 /* E_bookTests.swift */; };
		2A4989972949906700EC12F8 /* E_bookUITests.swift in Sources */ = {isa = PBXBuildFile; fileRef = 2A4989962949906700EC12F8 /* E_bookUITests.swift */; };
		2A4989992949906700EC12F8 /* E_bookUITestsLaunchTests.swift in Sources */ = {isa = PBXBuildFile; fileRef = 2A4989982949906700EC12F8 /* E_bookUITestsLaunchTests.swift */; };
		2A4989BC2949995C00EC12F8 /* ProfileView.swift in Sources */ = {isa = PBXBuildFile; fileRef = 2A4989BB2949995C00EC12F8 /* ProfileView.swift */; };
		2A4989C029499A2E00EC12F8 /* Stars.swift in Sources */ = {isa = PBXBuildFile; fileRef = 2A4989BF29499A2E00EC12F8 /* Stars.swift */; };
		2A4989DF2949A1D900EC12F8 /* TabBar.swift in Sources */ = {isa = PBXBuildFile; fileRef = 2A4989DE2949A1D900EC12F8 /* TabBar.swift */; };
		2A4989E12949A3DE00EC12F8 /* AudioBooks.swift in Sources */ = {isa = PBXBuildFile; fileRef = 2A4989E02949A3DE00EC12F8 /* AudioBooks.swift */; };
		2A4989E32949BD1B00EC12F8 /* Launch Screen.storyboard in Resources */ = {isa = PBXBuildFile; fileRef = 2A4989E22949BD1B00EC12F8 /* Launch Screen.storyboard */; };
		2AFE430E2949C622004F9A68 /* PageOfAuthor.swift in Sources */ = {isa = PBXBuildFile; fileRef = 2AFE43072949C621004F9A68 /* PageOfAuthor.swift */; };
		2AFE430F2949C622004F9A68 /* AllBookList.swift in Sources */ = {isa = PBXBuildFile; fileRef = 2AFE43082949C621004F9A68 /* AllBookList.swift */; };
		2AFE43102949C622004F9A68 /* HomeBookNointerint.swift in Sources */ = {isa = PBXBuildFile; fileRef = 2AFE43092949C621004F9A68 /* HomeBookNointerint.swift */; };
		2AFE43112949C622004F9A68 /* ReadingBookView.swift in Sources */ = {isa = PBXBuildFile; fileRef = 2AFE430A2949C621004F9A68 /* ReadingBookView.swift */; };
		2AFE43122949C622004F9A68 /* DiteksBookView.swift in Sources */ = {isa = PBXBuildFile; fileRef = 2AFE430B2949C622004F9A68 /* DiteksBookView.swift */; };
		2AFE43132949C622004F9A68 /* DolodingBook.swift in Sources */ = {isa = PBXBuildFile; fileRef = 2AFE430C2949C622004F9A68 /* DolodingBook.swift */; };
		2AFE43142949C622004F9A68 /* HomeView.swift in Sources */ = {isa = PBXBuildFile; fileRef = 2AFE430D2949C622004F9A68 /* HomeView.swift */; };
		2AFE43162949C68D004F9A68 /* SearchView.swift in Sources */ = {isa = PBXBuildFile; fileRef = 2AFE43152949C68D004F9A68 /* SearchView.swift */; };
		2AFE43182949D65C004F9A68 /* MyBookView.swift in Sources */ = {isa = PBXBuildFile; fileRef = 2AFE43172949D65C004F9A68 /* MyBookView.swift */; };
/* End PBXBuildFile section */

/* Begin PBXContainerItemProxy section */
		2A4989892949906600EC12F8 /* PBXContainerItemProxy */ = {
			isa = PBXContainerItemProxy;
			containerPortal = 2A4989702949906400EC12F8 /* Project object */;
			proxyType = 1;
			remoteGlobalIDString = 2A4989772949906400EC12F8;
			remoteInfo = "E-book";
		};
		2A4989932949906700EC12F8 /* PBXContainerItemProxy */ = {
			isa = PBXContainerItemProxy;
			containerPortal = 2A4989702949906400EC12F8 /* Project object */;
			proxyType = 1;
			remoteGlobalIDString = 2A4989772949906400EC12F8;
			remoteInfo = "E-book";
		};
/* End PBXContainerItemProxy section */

/* Begin PBXFileReference section */
		2A4989782949906400EC12F8 /* E-book.app */ = {isa = PBXFileReference; explicitFileType = wrapper.application; includeInIndex = 0; path = "E-book.app"; sourceTree = BUILT_PRODUCTS_DIR; };
		2A49897B2949906400EC12F8 /* E_bookApp.swift */ = {isa = PBXFileReference; lastKnownFileType = sourcecode.swift; path = E_bookApp.swift; sourceTree = "<group>"; };
		2A49897D2949906400EC12F8 /* ContentView.swift */ = {isa = PBXFileReference; lastKnownFileType = sourcecode.swift; path = ContentView.swift; sourceTree = "<group>"; };
		2A49897F2949906600EC12F8 /* Assets.xcassets */ = {isa = PBXFileReference; lastKnownFileType = folder.assetcatalog; path = Assets.xcassets; sourceTree = "<group>"; };
		2A4989822949906600EC12F8 /* Preview Assets.xcassets */ = {isa = PBXFileReference; lastKnownFileType = folder.assetcatalog; path = "Preview Assets.xcassets"; sourceTree = "<group>"; };
		2A4989882949906600EC12F8 /* E-bookTests.xctest */ = {isa = PBXFileReference; explicitFileType = wrapper.cfbundle; includeInIndex = 0; path = "E-bookTests.xctest"; sourceTree = BUILT_PRODUCTS_DIR; };
		2A49898C2949906600EC12F8 /* E_bookTests.swift */ = {isa = PBXFileReference; lastKnownFileType = sourcecode.swift; path = E_bookTests.swift; sourceTree = "<group>"; };
		2A4989922949906700EC12F8 /* E-bookUITests.xctest */ = {isa = PBXFileReference; explicitFileType = wrapper.cfbundle; includeInIndex = 0; path = "E-bookUITests.xctest"; sourceTree = BUILT_PRODUCTS_DIR; };
		2A4989962949906700EC12F8 /* E_bookUITests.swift */ = {isa = PBXFileReference; lastKnownFileType = sourcecode.swift; path = E_bookUITests.swift; sourceTree = "<group>"; };
		2A4989982949906700EC12F8 /* E_bookUITestsLaunchTests.swift */ = {isa = PBXFileReference; lastKnownFileType = sourcecode.swift; path = E_bookUITestsLaunchTests.swift; sourceTree = "<group>"; };
		2A4989BB2949995C00EC12F8 /* ProfileView.swift */ = {isa = PBXFileReference; lastKnownFileType = sourcecode.swift; path = ProfileView.swift; sourceTree = "<group>"; };
		2A4989BF29499A2E00EC12F8 /* Stars.swift */ = {isa = PBXFileReference; lastKnownFileType = sourcecode.swift; path = Stars.swift; sourceTree = "<group>"; };
		2A4989DE2949A1D900EC12F8 /* TabBar.swift */ = {isa = PBXFileReference; lastKnownFileType = sourcecode.swift; path = TabBar.swift; sourceTree = "<group>"; };
		2A4989E02949A3DE00EC12F8 /* AudioBooks.swift */ = {isa = PBXFileReference; lastKnownFileType = sourcecode.swift; name = AudioBooks.swift; path = "E-book/Component/AudioBooks.swift"; sourceTree = SOURCE_ROOT; };
		2A4989E22949BD1B00EC12F8 /* Launch Screen.storyboard */ = {isa = PBXFileReference; lastKnownFileType = file.storyboard; path = "Launch Screen.storyboard"; sourceTree = "<group>"; };
		2AFE43072949C621004F9A68 /* PageOfAuthor.swift */ = {isa = PBXFileReference; fileEncoding = 4; lastKnownFileType = sourcecode.swift; path = PageOfAuthor.swift; sourceTree = "<group>"; };
		2AFE43082949C621004F9A68 /* AllBookList.swift */ = {isa = PBXFileReference; fileEncoding = 4; lastKnownFileType = sourcecode.swift; path = AllBookList.swift; sourceTree = "<group>"; };
		2AFE43092949C621004F9A68 /* HomeBookNointerint.swift */ = {isa = PBXFileReference; fileEncoding = 4; lastKnownFileType = sourcecode.swift; path = HomeBookNointerint.swift; sourceTree = "<group>"; };
		2AFE430A2949C621004F9A68 /* ReadingBookView.swift */ = {isa = PBXFileReference; fileEncoding = 4; lastKnownFileType = sourcecode.swift; path = ReadingBookView.swift; sourceTree = "<group>"; };
		2AFE430B2949C622004F9A68 /* DiteksBookView.swift */ = {isa = PBXFileReference; fileEncoding = 4; lastKnownFileType = sourcecode.swift; path = DiteksBookView.swift; sourceTree = "<group>"; };
		2AFE430C2949C622004F9A68 /* DolodingBook.swift */ = {isa = PBXFileReference; fileEncoding = 4; lastKnownFileType = sourcecode.swift; path = DolodingBook.swift; sourceTree = "<group>"; };
		2AFE430D2949C622004F9A68 /* HomeView.swift */ = {isa = PBXFileReference; fileEncoding = 4; lastKnownFileType = sourcecode.swift; path = HomeView.swift; sourceTree = "<group>"; };
		2AFE43152949C68D004F9A68 /* SearchView.swift */ = {isa = PBXFileReference; lastKnownFileType = sourcecode.swift; path = SearchView.swift; sourceTree = "<group>"; };
		2AFE43172949D65C004F9A68 /* MyBookView.swift */ = {isa = PBXFileReference; lastKnownFileType = sourcecode.swift; path = MyBookView.swift; sourceTree = "<group>"; };
/* End PBXFileReference section */

/* Begin PBXFrameworksBuildPhase section */
		2A4989752949906400EC12F8 /* Frameworks */ = {
			isa = PBXFrameworksBuildPhase;
			buildActionMask = 2147483647;
			files = (
			);
			runOnlyForDeploymentPostprocessing = 0;
		};
		2A4989852949906600EC12F8 /* Frameworks */ = {
			isa = PBXFrameworksBuildPhase;
			buildActionMask = 2147483647;
			files = (
			);
			runOnlyForDeploymentPostprocessing = 0;
		};
		2A49898F2949906700EC12F8 /* Frameworks */ = {
			isa = PBXFrameworksBuildPhase;
			buildActionMask = 2147483647;
			files = (
			);
			runOnlyForDeploymentPostprocessing = 0;
		};
/* End PBXFrameworksBuildPhase section */

/* Begin PBXGroup section */
		2A49896F2949906400EC12F8 = {
			isa = PBXGroup;
			children = (
				2A49897A2949906400EC12F8 /* E-book */,
				2A49898B2949906600EC12F8 /* E-bookTests */,
				2A4989952949906700EC12F8 /* E-bookUITests */,
				2A4989792949906400EC12F8 /* Products */,
			);
			sourceTree = "<group>";
		};
		2A4989792949906400EC12F8 /* Products */ = {
			isa = PBXGroup;
			children = (
				2A4989782949906400EC12F8 /* E-book.app */,
				2A4989882949906600EC12F8 /* E-bookTests.xctest */,
				2A4989922949906700EC12F8 /* E-bookUITests.xctest */,
			);
			name = Products;
			sourceTree = "<group>";
		};
		2A49897A2949906400EC12F8 /* E-book */ = {
			isa = PBXGroup;
			children = (
				2A49897B2949906400EC12F8 /* E_bookApp.swift */,
				2A49897D2949906400EC12F8 /* ContentView.swift */,
				2A4989E22949BD1B00EC12F8 /* Launch Screen.storyboard */,
				2A4989AC2949922A00EC12F8 /* Model */,
				2A4989BE294999C800EC12F8 /* OnboardingViews */,
				2A4989A52949910D00EC12F8 /* Views */,
				2A4989A62949911B00EC12F8 /* Component */,
				2A4989BD2949999F00EC12F8 /* Anmashin */,
				2A49897F2949906600EC12F8 /* Assets.xcassets */,
				2A4989812949906600EC12F8 /* Preview Content */,
			);
			path = "E-book";
			sourceTree = "<group>";
		};
		2A4989812949906600EC12F8 /* Preview Content */ = {
			isa = PBXGroup;
			children = (
				2A4989822949906600EC12F8 /* Preview Assets.xcassets */,
			);
			path = "Preview Content";
			sourceTree = "<group>";
		};
		2A49898B2949906600EC12F8 /* E-bookTests */ = {
			isa = PBXGroup;
			children = (
				2A49898C2949906600EC12F8 /* E_bookTests.swift */,
			);
			path = "E-bookTests";
			sourceTree = "<group>";
		};
		2A4989952949906700EC12F8 /* E-bookUITests */ = {
			isa = PBXGroup;
			children = (
				2A4989962949906700EC12F8 /* E_bookUITests.swift */,
				2A4989982949906700EC12F8 /* E_bookUITestsLaunchTests.swift */,
			);
			path = "E-bookUITests";
			sourceTree = "<group>";
		};
		2A4989A52949910D00EC12F8 /* Views */ = {
			isa = PBXGroup;
			children = (
				2A4989A72949913500EC12F8 /* HomeViews */,
				2A4989AA2949918C00EC12F8 /* MybooksViews */,
				2A4989AB2949920B00EC12F8 /* SearchViews */,
				2A4989A92949916700EC12F8 /* ProfilViews */,
			);
			path = Views;
			sourceTree = "<group>";
		};
		2A4989A62949911B00EC12F8 /* Component */ = {
			isa = PBXGroup;
			children = (
				2A4989DE2949A1D900EC12F8 /* TabBar.swift */,
			);
			path = Component;
			sourceTree = "<group>";
		};
		2A4989A72949913500EC12F8 /* HomeViews */ = {
			isa = PBXGroup;
			children = (
				2AFE43082949C621004F9A68 /* AllBookList.swift */,
				2AFE430B2949C622004F9A68 /* DiteksBookView.swift */,
				2AFE430C2949C622004F9A68 /* DolodingBook.swift */,
				2AFE430D2949C622004F9A68 /* HomeView.swift */,
				2AFE43092949C621004F9A68 /* HomeBookNointerint.swift */,
				2AFE43072949C621004F9A68 /* PageOfAuthor.swift */,
				2AFE430A2949C621004F9A68 /* ReadingBookView.swift */,
				2A4989E02949A3DE00EC12F8 /* AudioBooks.swift */,
			);
			path = HomeViews;
			sourceTree = "<group>";
		};
		2A4989A92949916700EC12F8 /* ProfilViews */ = {
			isa = PBXGroup;
			children = (
				2A4989BB2949995C00EC12F8 /* ProfileView.swift */,
			);
			path = ProfilViews;
			sourceTree = "<group>";
		};
		2A4989AA2949918C00EC12F8 /* MybooksViews */ = {
			isa = PBXGroup;
			children = (
				2AFE43172949D65C004F9A68 /* MyBookView.swift */,
			);
			path = MybooksViews;
			sourceTree = "<group>";
		};
		2A4989AB2949920B00EC12F8 /* SearchViews */ = {
			isa = PBXGroup;
			children = (
				2AFE43152949C68D004F9A68 /* SearchView.swift */,
			);
			path = SearchViews;
			sourceTree = "<group>";
		};
		2A4989AC2949922A00EC12F8 /* Model */ = {
			isa = PBXGroup;
			children = (
			);
			path = Model;
			sourceTree = "<group>";
		};
		2A4989BD2949999F00EC12F8 /* Anmashin */ = {
			isa = PBXGroup;
			children = (
				2A4989BF29499A2E00EC12F8 /* Stars.swift */,
			);
			path = Anmashin;
			sourceTree = "<group>";
		};
		2A4989BE294999C800EC12F8 /* OnboardingViews */ = {
			isa = PBXGroup;
			children = (
			);
			path = OnboardingViews;
			sourceTree = "<group>";
		};
/* End PBXGroup section */

/* Begin PBXNativeTarget section */
		2A4989772949906400EC12F8 /* E-book */ = {
			isa = PBXNativeTarget;
			buildConfigurationList = 2A49899C2949906700EC12F8 /* Build configuration list for PBXNativeTarget "E-book" */;
			buildPhases = (
				2A4989742949906400EC12F8 /* Sources */,
				2A4989752949906400EC12F8 /* Frameworks */,
				2A4989762949906400EC12F8 /* Resources */,
			);
			buildRules = (
			);
			dependencies = (
			);
			name = "E-book";
			productName = "E-book";
			productReference = 2A4989782949906400EC12F8 /* E-book.app */;
			productType = "com.apple.product-type.application";
		};
		2A4989872949906600EC12F8 /* E-bookTests */ = {
			isa = PBXNativeTarget;
			buildConfigurationList = 2A49899F2949906700EC12F8 /* Build configuration list for PBXNativeTarget "E-bookTests" */;
			buildPhases = (
				2A4989842949906600EC12F8 /* Sources */,
				2A4989852949906600EC12F8 /* Frameworks */,
				2A4989862949906600EC12F8 /* Resources */,
			);
			buildRules = (
			);
			dependencies = (
				2A49898A2949906600EC12F8 /* PBXTargetDependency */,
			);
			name = "E-bookTests";
			productName = "E-bookTests";
			productReference = 2A4989882949906600EC12F8 /* E-bookTests.xctest */;
			productType = "com.apple.product-type.bundle.unit-test";
		};
		2A4989912949906700EC12F8 /* E-bookUITests */ = {
			isa = PBXNativeTarget;
			buildConfigurationList = 2A4989A22949906700EC12F8 /* Build configuration list for PBXNativeTarget "E-bookUITests" */;
			buildPhases = (
				2A49898E2949906700EC12F8 /* Sources */,
				2A49898F2949906700EC12F8 /* Frameworks */,
				2A4989902949906700EC12F8 /* Resources */,
			);
			buildRules = (
			);
			dependencies = (
				2A4989942949906700EC12F8 /* PBXTargetDependency */,
			);
			name = "E-bookUITests";
			productName = "E-bookUITests";
			productReference = 2A4989922949906700EC12F8 /* E-bookUITests.xctest */;
			productType = "com.apple.product-type.bundle.ui-testing";
		};
/* End PBXNativeTarget section */

/* Begin PBXProject section */
		2A4989702949906400EC12F8 /* Project object */ = {
			isa = PBXProject;
			attributes = {
				BuildIndependentTargetsInParallel = 1;
				LastSwiftUpdateCheck = 1410;
				LastUpgradeCheck = 1410;
				TargetAttributes = {
					2A4989772949906400EC12F8 = {
						CreatedOnToolsVersion = 14.1;
					};
					2A4989872949906600EC12F8 = {
						CreatedOnToolsVersion = 14.1;
						TestTargetID = 2A4989772949906400EC12F8;
					};
					2A4989912949906700EC12F8 = {
						CreatedOnToolsVersion = 14.1;
						TestTargetID = 2A4989772949906400EC12F8;
					};
				};
			};
			buildConfigurationList = 2A4989732949906400EC12F8 /* Build configuration list for PBXProject "E-book" */;
			compatibilityVersion = "Xcode 14.0";
			developmentRegion = en;
			hasScannedForEncodings = 0;
			knownRegions = (
				en,
				Base,
			);
			mainGroup = 2A49896F2949906400EC12F8;
			productRefGroup = 2A4989792949906400EC12F8 /* Products */;
			projectDirPath = "";
			projectRoot = "";
			targets = (
				2A4989772949906400EC12F8 /* E-book */,
				2A4989872949906600EC12F8 /* E-bookTests */,
				2A4989912949906700EC12F8 /* E-bookUITests */,
			);
		};
/* End PBXProject section */

/* Begin PBXResourcesBuildPhase section */
		2A4989762949906400EC12F8 /* Resources */ = {
			isa = PBXResourcesBuildPhase;
			buildActionMask = 2147483647;
			files = (
				2A4989E32949BD1B00EC12F8 /* Launch Screen.storyboard in Resources */,
				2A4989832949906600EC12F8 /* Preview Assets.xcassets in Resources */,
				2A4989802949906600EC12F8 /* Assets.xcassets in Resources */,
			);
			runOnlyForDeploymentPostprocessing = 0;
		};
		2A4989862949906600EC12F8 /* Resources */ = {
			isa = PBXResourcesBuildPhase;
			buildActionMask = 2147483647;
			files = (
			);
			runOnlyForDeploymentPostprocessing = 0;
		};
		2A4989902949906700EC12F8 /* Resources */ = {
			isa = PBXResourcesBuildPhase;
			buildActionMask = 2147483647;
			files = (
			);
			runOnlyForDeploymentPostprocessing = 0;
		};
/* End PBXResourcesBuildPhase section */

/* Begin PBXSourcesBuildPhase section */
		2A4989742949906400EC12F8 /* Sources */ = {
			isa = PBXSourcesBuildPhase;
			buildActionMask = 2147483647;
			files = (
				2A4989DF2949A1D900EC12F8 /* TabBar.swift in Sources */,
				2A4989C029499A2E00EC12F8 /* Stars.swift in Sources */,
				2AFE430E2949C622004F9A68 /* PageOfAuthor.swift in Sources */,
				2AFE43122949C622004F9A68 /* DiteksBookView.swift in Sources */,
				2A49897E2949906400EC12F8 /* ContentView.swift in Sources */,
				2AFE43112949C622004F9A68 /* ReadingBookView.swift in Sources */,
				2AFE43142949C622004F9A68 /* HomeView.swift in Sources */,
				2AFE43102949C622004F9A68 /* HomeBookNointerint.swift in Sources */,
				2AFE430F2949C622004F9A68 /* AllBookList.swift in Sources */,
				2AFE43132949C622004F9A68 /* DolodingBook.swift in Sources */,
				2AFE43162949C68D004F9A68 /* SearchView.swift in Sources */,
				2AFE43182949D65C004F9A68 /* MyBookView.swift in Sources */,
				2A4989E12949A3DE00EC12F8 /* AudioBooks.swift in Sources */,
				2A49897C2949906400EC12F8 /* E_bookApp.swift in Sources */,
				2A4989BC2949995C00EC12F8 /* ProfileView.swift in Sources */,
			);
			runOnlyForDeploymentPostprocessing = 0;
		};
		2A4989842949906600EC12F8 /* Sources */ = {
			isa = PBXSourcesBuildPhase;
			buildActionMask = 2147483647;
			files = (
				2A49898D2949906600EC12F8 /* E_bookTests.swift in Sources */,
			);
			runOnlyForDeploymentPostprocessing = 0;
		};
		2A49898E2949906700EC12F8 /* Sources */ = {
			isa = PBXSourcesBuildPhase;
			buildActionMask = 2147483647;
			files = (
				2A4989972949906700EC12F8 /* E_bookUITests.swift in Sources */,
				2A4989992949906700EC12F8 /* E_bookUITestsLaunchTests.swift in Sources */,
			);
			runOnlyForDeploymentPostprocessing = 0;
		};
/* End PBXSourcesBuildPhase section */

/* Begin PBXTargetDependency section */
		2A49898A2949906600EC12F8 /* PBXTargetDependency */ = {
			isa = PBXTargetDependency;
			target = 2A4989772949906400EC12F8 /* E-book */;
			targetProxy = 2A4989892949906600EC12F8 /* PBXContainerItemProxy */;
		};
		2A4989942949906700EC12F8 /* PBXTargetDependency */ = {
			isa = PBXTargetDependency;
			target = 2A4989772949906400EC12F8 /* E-book */;
			targetProxy = 2A4989932949906700EC12F8 /* PBXContainerItemProxy */;
		};
/* End PBXTargetDependency section */

/* Begin XCBuildConfiguration section */
		2A49899A2949906700EC12F8 /* Debug */ = {
			isa = XCBuildConfiguration;
			buildSettings = {
				ALWAYS_SEARCH_USER_PATHS = NO;
				CLANG_ANALYZER_NONNULL = YES;
				CLANG_ANALYZER_NUMBER_OBJECT_CONVERSION = YES_AGGRESSIVE;
				CLANG_CXX_LANGUAGE_STANDARD = "gnu++20";
				CLANG_ENABLE_MODULES = YES;
				CLANG_ENABLE_OBJC_ARC = YES;
				CLANG_ENABLE_OBJC_WEAK = YES;
				CLANG_WARN_BLOCK_CAPTURE_AUTORELEASING = YES;
				CLANG_WARN_BOOL_CONVERSION = YES;
				CLANG_WARN_COMMA = YES;
				CLANG_WARN_CONSTANT_CONVERSION = YES;
				CLANG_WARN_DEPRECATED_OBJC_IMPLEMENTATIONS = YES;
				CLANG_WARN_DIRECT_OBJC_ISA_USAGE = YES_ERROR;
				CLANG_WARN_DOCUMENTATION_COMMENTS = YES;
				CLANG_WARN_EMPTY_BODY = YES;
				CLANG_WARN_ENUM_CONVERSION = YES;
				CLANG_WARN_INFINITE_RECURSION = YES;
				CLANG_WARN_INT_CONVERSION = YES;
				CLANG_WARN_NON_LITERAL_NULL_CONVERSION = YES;
				CLANG_WARN_OBJC_IMPLICIT_RETAIN_SELF = YES;
				CLANG_WARN_OBJC_LITERAL_CONVERSION = YES;
				CLANG_WARN_OBJC_ROOT_CLASS = YES_ERROR;
				CLANG_WARN_QUOTED_INCLUDE_IN_FRAMEWORK_HEADER = YES;
				CLANG_WARN_RANGE_LOOP_ANALYSIS = YES;
				CLANG_WARN_STRICT_PROTOTYPES = YES;
				CLANG_WARN_SUSPICIOUS_MOVE = YES;
				CLANG_WARN_UNGUARDED_AVAILABILITY = YES_AGGRESSIVE;
				CLANG_WARN_UNREACHABLE_CODE = YES;
				CLANG_WARN__DUPLICATE_METHOD_MATCH = YES;
				COPY_PHASE_STRIP = NO;
				DEBUG_INFORMATION_FORMAT = dwarf;
				ENABLE_STRICT_OBJC_MSGSEND = YES;
				ENABLE_TESTABILITY = YES;
				GCC_C_LANGUAGE_STANDARD = gnu11;
				GCC_DYNAMIC_NO_PIC = NO;
				GCC_NO_COMMON_BLOCKS = YES;
				GCC_OPTIMIZATION_LEVEL = 0;
				GCC_PREPROCESSOR_DEFINITIONS = (
					"DEBUG=1",
					"$(inherited)",
				);
				GCC_WARN_64_TO_32_BIT_CONVERSION = YES;
				GCC_WARN_ABOUT_RETURN_TYPE = YES_ERROR;
				GCC_WARN_UNDECLARED_SELECTOR = YES;
				GCC_WARN_UNINITIALIZED_AUTOS = YES_AGGRESSIVE;
				GCC_WARN_UNUSED_FUNCTION = YES;
				GCC_WARN_UNUSED_VARIABLE = YES;
				IPHONEOS_DEPLOYMENT_TARGET = 16.1;
				MTL_ENABLE_DEBUG_INFO = INCLUDE_SOURCE;
				MTL_FAST_MATH = YES;
				ONLY_ACTIVE_ARCH = YES;
				SDKROOT = iphoneos;
				SWIFT_ACTIVE_COMPILATION_CONDITIONS = DEBUG;
				SWIFT_OPTIMIZATION_LEVEL = "-Onone";
			};
			name = Debug;
		};
		2A49899B2949906700EC12F8 /* Release */ = {
			isa = XCBuildConfiguration;
			buildSettings = {
				ALWAYS_SEARCH_USER_PATHS = NO;
				CLANG_ANALYZER_NONNULL = YES;
				CLANG_ANALYZER_NUMBER_OBJECT_CONVERSION = YES_AGGRESSIVE;
				CLANG_CXX_LANGUAGE_STANDARD = "gnu++20";
				CLANG_ENABLE_MODULES = YES;
				CLANG_ENABLE_OBJC_ARC = YES;
				CLANG_ENABLE_OBJC_WEAK = YES;
				CLANG_WARN_BLOCK_CAPTURE_AUTORELEASING = YES;
				CLANG_WARN_BOOL_CONVERSION = YES;
				CLANG_WARN_COMMA = YES;
				CLANG_WARN_CONSTANT_CONVERSION = YES;
				CLANG_WARN_DEPRECATED_OBJC_IMPLEMENTATIONS = YES;
				CLANG_WARN_DIRECT_OBJC_ISA_USAGE = YES_ERROR;
				CLANG_WARN_DOCUMENTATION_COMMENTS = YES;
				CLANG_WARN_EMPTY_BODY = YES;
				CLANG_WARN_ENUM_CONVERSION = YES;
				CLANG_WARN_INFINITE_RECURSION = YES;
				CLANG_WARN_INT_CONVERSION = YES;
				CLANG_WARN_NON_LITERAL_NULL_CONVERSION = YES;
				CLANG_WARN_OBJC_IMPLICIT_RETAIN_SELF = YES;
				CLANG_WARN_OBJC_LITERAL_CONVERSION = YES;
				CLANG_WARN_OBJC_ROOT_CLASS = YES_ERROR;
				CLANG_WARN_QUOTED_INCLUDE_IN_FRAMEWORK_HEADER = YES;
				CLANG_WARN_RANGE_LOOP_ANALYSIS = YES;
				CLANG_WARN_STRICT_PROTOTYPES = YES;
				CLANG_WARN_SUSPICIOUS_MOVE = YES;
				CLANG_WARN_UNGUARDED_AVAILABILITY = YES_AGGRESSIVE;
				CLANG_WARN_UNREACHABLE_CODE = YES;
				CLANG_WARN__DUPLICATE_METHOD_MATCH = YES;
				COPY_PHASE_STRIP = NO;
				DEBUG_INFORMATION_FORMAT = "dwarf-with-dsym";
				ENABLE_NS_ASSERTIONS = NO;
				ENABLE_STRICT_OBJC_MSGSEND = YES;
				GCC_C_LANGUAGE_STANDARD = gnu11;
				GCC_NO_COMMON_BLOCKS = YES;
				GCC_WARN_64_TO_32_BIT_CONVERSION = YES;
				GCC_WARN_ABOUT_RETURN_TYPE = YES_ERROR;
				GCC_WARN_UNDECLARED_SELECTOR = YES;
				GCC_WARN_UNINITIALIZED_AUTOS = YES_AGGRESSIVE;
				GCC_WARN_UNUSED_FUNCTION = YES;
				GCC_WARN_UNUSED_VARIABLE = YES;
				IPHONEOS_DEPLOYMENT_TARGET = 16.1;
				MTL_ENABLE_DEBUG_INFO = NO;
				MTL_FAST_MATH = YES;
				SDKROOT = iphoneos;
				SWIFT_COMPILATION_MODE = wholemodule;
				SWIFT_OPTIMIZATION_LEVEL = "-O";
				VALIDATE_PRODUCT = YES;
			};
			name = Release;
		};
		2A49899D2949906700EC12F8 /* Debug */ = {
			isa = XCBuildConfiguration;
			buildSettings = {
				ASSETCATALOG_COMPILER_APPICON_NAME = AppIcon;
				ASSETCATALOG_COMPILER_GLOBAL_ACCENT_COLOR_NAME = AccentColor;
				CODE_SIGN_STYLE = Automatic;
				CURRENT_PROJECT_VERSION = 1;
				DEVELOPMENT_ASSET_PATHS = "\"E-book/Preview Content\"";
				DEVELOPMENT_TEAM = 2LQ3WQGT35;
				ENABLE_PREVIEWS = YES;
				GENERATE_INFOPLIST_FILE = YES;
				INFOPLIST_KEY_LSApplicationCategoryType = "public.app-category.books";
				INFOPLIST_KEY_UIApplicationSceneManifest_Generation = YES;
				INFOPLIST_KEY_UIApplicationSupportsIndirectInputEvents = YES;
				INFOPLIST_KEY_UILaunchScreen_Generation = YES;
				INFOPLIST_KEY_UILaunchStoryboardName = "Launch Screen.storyboard";
				INFOPLIST_KEY_UISupportedInterfaceOrientations_iPad = "UIInterfaceOrientationPortrait UIInterfaceOrientationPortraitUpsideDown UIInterfaceOrientationLandscapeLeft UIInterfaceOrientationLandscapeRight";
				INFOPLIST_KEY_UISupportedInterfaceOrientations_iPhone = UIInterfaceOrientationPortrait;
				LD_RUNPATH_SEARCH_PATHS = (
					"$(inherited)",
					"@executable_path/Frameworks",
				);
				MARKETING_VERSION = 1.0;
				PRODUCT_BUNDLE_IDENTIFIER = "abobkr6-icloud.com.E-book";
				PRODUCT_NAME = "$(TARGET_NAME)";
				SUPPORTED_PLATFORMS = "iphoneos iphonesimulator";
				SUPPORTS_MACCATALYST = NO;
				SUPPORTS_MAC_DESIGNED_FOR_IPHONE_IPAD = NO;
				SWIFT_EMIT_LOC_STRINGS = YES;
				SWIFT_VERSION = 5.0;
				TARGETED_DEVICE_FAMILY = 1;
			};
			name = Debug;
		};
		2A49899E2949906700EC12F8 /* Release */ = {
			isa = XCBuildConfiguration;
			buildSettings = {
				ASSETCATALOG_COMPILER_APPICON_NAME = AppIcon;
				ASSETCATALOG_COMPILER_GLOBAL_ACCENT_COLOR_NAME = AccentColor;
				CODE_SIGN_STYLE = Automatic;
				CURRENT_PROJECT_VERSION = 1;
				DEVELOPMENT_ASSET_PATHS = "\"E-book/Preview Content\"";
				DEVELOPMENT_TEAM = 2LQ3WQGT35;
				ENABLE_PREVIEWS = YES;
				GENERATE_INFOPLIST_FILE = YES;
				INFOPLIST_KEY_LSApplicationCategoryType = "public.app-category.books";
				INFOPLIST_KEY_UIApplicationSceneManifest_Generation = YES;
				INFOPLIST_KEY_UIApplicationSupportsIndirectInputEvents = YES;
				INFOPLIST_KEY_UILaunchScreen_Generation = YES;
				INFOPLIST_KEY_UILaunchStoryboardName = "Launch Screen.storyboard";
				INFOPLIST_KEY_UISupportedInterfaceOrientations_iPad = "UIInterfaceOrientationPortrait UIInterfaceOrientationPortraitUpsideDown UIInterfaceOrientationLandscapeLeft UIInterfaceOrientationLandscapeRight";
				INFOPLIST_KEY_UISupportedInterfaceOrientations_iPhone = UIInterfaceOrientationPortrait;
				LD_RUNPATH_SEARCH_PATHS = (
					"$(inherited)",
					"@executable_path/Frameworks",
				);
				MARKETING_VERSION = 1.0;
				PRODUCT_BUNDLE_IDENTIFIER = "abobkr6-icloud.com.E-book";
				PRODUCT_NAME = "$(TARGET_NAME)";
				SUPPORTED_PLATFORMS = "iphoneos iphonesimulator";
				SUPPORTS_MACCATALYST = NO;
				SUPPORTS_MAC_DESIGNED_FOR_IPHONE_IPAD = NO;
				SWIFT_EMIT_LOC_STRINGS = YES;
				SWIFT_VERSION = 5.0;
				TARGETED_DEVICE_FAMILY = 1;
			};
			name = Release;
		};
		2A4989A02949906700EC12F8 /* Debug */ = {
			isa = XCBuildConfiguration;
			buildSettings = {
				ALWAYS_EMBED_SWIFT_STANDARD_LIBRARIES = YES;
				BUNDLE_LOADER = "$(TEST_HOST)";
				CODE_SIGN_STYLE = Automatic;
				CURRENT_PROJECT_VERSION = 1;
				DEVELOPMENT_TEAM = 2LQ3WQGT35;
				GENERATE_INFOPLIST_FILE = YES;
				IPHONEOS_DEPLOYMENT_TARGET = 16.1;
				MARKETING_VERSION = 1.0;
				PRODUCT_BUNDLE_IDENTIFIER = "abobkr6-icloud.com.E-bookTests";
				PRODUCT_NAME = "$(TARGET_NAME)";
				SWIFT_EMIT_LOC_STRINGS = NO;
				SWIFT_VERSION = 5.0;
				TARGETED_DEVICE_FAMILY = "1,2";
				TEST_HOST = "$(BUILT_PRODUCTS_DIR)/E-book.app/$(BUNDLE_EXECUTABLE_FOLDER_PATH)/E-book";
			};
			name = Debug;
		};
		2A4989A12949906700EC12F8 /* Release */ = {
			isa = XCBuildConfiguration;
			buildSettings = {
				ALWAYS_EMBED_SWIFT_STANDARD_LIBRARIES = YES;
				BUNDLE_LOADER = "$(TEST_HOST)";
				CODE_SIGN_STYLE = Automatic;
				CURRENT_PROJECT_VERSION = 1;
				DEVELOPMENT_TEAM = 2LQ3WQGT35;
				GENERATE_INFOPLIST_FILE = YES;
				IPHONEOS_DEPLOYMENT_TARGET = 16.1;
				MARKETING_VERSION = 1.0;
				PRODUCT_BUNDLE_IDENTIFIER = "abobkr6-icloud.com.E-bookTests";
				PRODUCT_NAME = "$(TARGET_NAME)";
				SWIFT_EMIT_LOC_STRINGS = NO;
				SWIFT_VERSION = 5.0;
				TARGETED_DEVICE_FAMILY = "1,2";
				TEST_HOST = "$(BUILT_PRODUCTS_DIR)/E-book.app/$(BUNDLE_EXECUTABLE_FOLDER_PATH)/E-book";
			};
			name = Release;
		};
		2A4989A32949906700EC12F8 /* Debug */ = {
			isa = XCBuildConfiguration;
			buildSettings = {
				ALWAYS_EMBED_SWIFT_STANDARD_LIBRARIES = YES;
				CODE_SIGN_STYLE = Automatic;
				CURRENT_PROJECT_VERSION = 1;
				DEVELOPMENT_TEAM = 2LQ3WQGT35;
				GENERATE_INFOPLIST_FILE = YES;
				MARKETING_VERSION = 1.0;
				PRODUCT_BUNDLE_IDENTIFIER = "abobkr6-icloud.com.E-bookUITests";
				PRODUCT_NAME = "$(TARGET_NAME)";
				SWIFT_EMIT_LOC_STRINGS = NO;
				SWIFT_VERSION = 5.0;
				TARGETED_DEVICE_FAMILY = "1,2";
				TEST_TARGET_NAME = "E-book";
			};
			name = Debug;
		};
		2A4989A42949906700EC12F8 /* Release */ = {
			isa = XCBuildConfiguration;
			buildSettings = {
				ALWAYS_EMBED_SWIFT_STANDARD_LIBRARIES = YES;
				CODE_SIGN_STYLE = Automatic;
				CURRENT_PROJECT_VERSION = 1;
				DEVELOPMENT_TEAM = 2LQ3WQGT35;
				GENERATE_INFOPLIST_FILE = YES;
				MARKETING_VERSION = 1.0;
				PRODUCT_BUNDLE_IDENTIFIER = "abobkr6-icloud.com.E-bookUITests";
				PRODUCT_NAME = "$(TARGET_NAME)";
				SWIFT_EMIT_LOC_STRINGS = NO;
				SWIFT_VERSION = 5.0;
				TARGETED_DEVICE_FAMILY = "1,2";
				TEST_TARGET_NAME = "E-book";
			};
			name = Release;
		};
/* End XCBuildConfiguration section */

/* Begin XCConfigurationList section */
		2A4989732949906400EC12F8 /* Build configuration list for PBXProject "E-book" */ = {
			isa = XCConfigurationList;
			buildConfigurations = (
				2A49899A2949906700EC12F8 /* Debug */,
				2A49899B2949906700EC12F8 /* Release */,
			);
			defaultConfigurationIsVisible = 0;
			defaultConfigurationName = Release;
		};
		2A49899C2949906700EC12F8 /* Build configuration list for PBXNativeTarget "E-book" */ = {
			isa = XCConfigurationList;
			buildConfigurations = (
				2A49899D2949906700EC12F8 /* Debug */,
				2A49899E2949906700EC12F8 /* Release */,
			);
			defaultConfigurationIsVisible = 0;
			defaultConfigurationName = Release;
		};
		2A49899F2949906700EC12F8 /* Build configuration list for PBXNativeTarget "E-bookTests" */ = {
			isa = XCConfigurationList;
			buildConfigurations = (
				2A4989A02949906700EC12F8 /* Debug */,
				2A4989A12949906700EC12F8 /* Release */,
			);
			defaultConfigurationIsVisible = 0;
			defaultConfigurationName = Release;
		};
		2A4989A22949906700EC12F8 /* Build configuration list for PBXNativeTarget "E-bookUITests" */ = {
			isa = XCConfigurationList;
			buildConfigurations = (
				2A4989A32949906700EC12F8 /* Debug */,
				2A4989A42949906700EC12F8 /* Release */,
			);
			defaultConfigurationIsVisible = 0;
			defaultConfigurationName = Release;
		};
/* End XCConfigurationList section */
	};
	rootObject = 2A4989702949906400EC12F8 /* Project object */;
}
